
Microsoft Visual Studio Solution File, Format Version 12.00
# Visual Studio 2013
VisualStudioVersion = 12.0.31101.0
MinimumVisualStudioVersion = 10.0.40219.1
Project("{FAE04EC0-301F-11D3-BF4B-00C04F79EFBC}") = "1.TestPerfomance", "..\1.TestPerfomance\1.TestPerfomance.csproj", "{EF30F35E-F803-4181-B6AA-FF5D832A3D4F}"
EndProject
Project("{FAE04EC0-301F-11D3-BF4B-00C04F79EFBC}") = "2.TestMathPerfomance", "..\2.TestMathPerfomance\2.TestMathPerfomance.csproj", "{E6C21ADC-F040-4CCE-ABEB-0F6266CF5E6E}"
EndProject
Global
	GlobalSection(SolutionConfigurationPlatforms) = preSolution
		Debug|Any CPU = Debug|Any CPU
		Release|Any CPU = Release|Any CPU
	EndGlobalSection
	GlobalSection(ProjectConfigurationPlatforms) = postSolution
		{EF30F35E-F803-4181-B6AA-FF5D832A3D4F}.Debug|Any CPU.ActiveCfg = Debug|Any CPU
		{EF30F35E-F803-4181-B6AA-FF5D832A3D4F}.Debug|Any CPU.Build.0 = Debug|Any CPU
		{EF30F35E-F803-4181-B6AA-FF5D832A3D4F}.Release|Any CPU.ActiveCfg = Release|Any CPU
		{EF30F35E-F803-4181-B6AA-FF5D832A3D4F}.Release|Any CPU.Build.0 = Release|Any CPU
		{E6C21ADC-F040-4CCE-ABEB-0F6266CF5E6E}.Debug|Any CPU.ActiveCfg = Debug|Any CPU
		{E6C21ADC-F040-4CCE-ABEB-0F6266CF5E6E}.Debug|Any CPU.Build.0 = Debug|Any CPU
		{E6C21ADC-F040-4CCE-ABEB-0F6266CF5E6E}.Release|Any CPU.ActiveCfg = Release|Any CPU
		{E6C21ADC-F040-4CCE-ABEB-0F6266CF5E6E}.Release|Any CPU.Build.0 = Release|Any CPU
	EndGlobalSection
	GlobalSection(SolutionProperties) = preSolution
		HideSolutionNode = FALSE
	EndGlobalSection
EndGlobal
